
Microsoft Visual Studio Solution File, Format Version 12.00
# Visual Studio 15
VisualStudioVersion = 15.0.27130.2010
MinimumVisualStudioVersion = 10.0.40219.1
Project("{FAE04EC0-301F-11D3-BF4B-00C04F79EFBC}") = "JsonData", "JsonData\JsonData.csproj", "{B8641242-9127-4483-980E-9739E5F8EC23}"
EndProject
Project("{FAE04EC0-301F-11D3-BF4B-00C04F79EFBC}") = "JsonDataUI", "JsonDataUI\JsonDataUI.csproj", "{3FBDA8EF-CB25-40FC-ABAA-A6DCCDCD9A64}"
EndProject
Project("{2150E333-8FDC-42A3-9474-1A3956D46DE8}") = "Tests", "Tests", "{B8009D9C-D24D-4F39-8F1F-8EDBC214DFF3}"
EndProject
Project("{FAE04EC0-301F-11D3-BF4B-00C04F79EFBC}") = "JsonDataTests", "JsonDataTests\JsonDataTests.csproj", "{D5D3C259-F524-4322-B027-FD30919D3B36}"
EndProject
Global
	GlobalSection(SolutionConfigurationPlatforms) = preSolution
		Debug|Any CPU = Debug|Any CPU
		Debug2.0|Any CPU = Debug2.0|Any CPU
		Release|Any CPU = Release|Any CPU
	EndGlobalSection
	GlobalSection(ProjectConfigurationPlatforms) = postSolution
		{B8641242-9127-4483-980E-9739E5F8EC23}.Debug|Any CPU.ActiveCfg = Debug|Any CPU
		{B8641242-9127-4483-980E-9739E5F8EC23}.Debug|Any CPU.Build.0 = Debug|Any CPU
		{B8641242-9127-4483-980E-9739E5F8EC23}.Debug2.0|Any CPU.ActiveCfg = Debug 2.0|Any CPU
		{B8641242-9127-4483-980E-9739E5F8EC23}.Debug2.0|Any CPU.Build.0 = Debug 2.0|Any CPU
		{B8641242-9127-4483-980E-9739E5F8EC23}.Release|Any CPU.ActiveCfg = Release|Any CPU
		{B8641242-9127-4483-980E-9739E5F8EC23}.Release|Any CPU.Build.0 = Release|Any CPU
		{3FBDA8EF-CB25-40FC-ABAA-A6DCCDCD9A64}.Debug|Any CPU.ActiveCfg = Debug|Any CPU
		{3FBDA8EF-CB25-40FC-ABAA-A6DCCDCD9A64}.Debug|Any CPU.Build.0 = Debug|Any CPU
		{3FBDA8EF-CB25-40FC-ABAA-A6DCCDCD9A64}.Debug2.0|Any CPU.ActiveCfg = Debug 2.0|Any CPU
		{3FBDA8EF-CB25-40FC-ABAA-A6DCCDCD9A64}.Debug2.0|Any CPU.Build.0 = Debug 2.0|Any CPU
		{3FBDA8EF-CB25-40FC-ABAA-A6DCCDCD9A64}.Release|Any CPU.ActiveCfg = Release|Any CPU
		{3FBDA8EF-CB25-40FC-ABAA-A6DCCDCD9A64}.Release|Any CPU.Build.0 = Release|Any CPU
		{D5D3C259-F524-4322-B027-FD30919D3B36}.Debug|Any CPU.ActiveCfg = Debug|Any CPU
		{D5D3C259-F524-4322-B027-FD30919D3B36}.Debug|Any CPU.Build.0 = Debug|Any CPU
		{D5D3C259-F524-4322-B027-FD30919D3B36}.Debug2.0|Any CPU.ActiveCfg = Debug|Any CPU
		{D5D3C259-F524-4322-B027-FD30919D3B36}.Debug2.0|Any CPU.Build.0 = Debug|Any CPU
		{D5D3C259-F524-4322-B027-FD30919D3B36}.Release|Any CPU.ActiveCfg = Release|Any CPU
		{D5D3C259-F524-4322-B027-FD30919D3B36}.Release|Any CPU.Build.0 = Release|Any CPU
	EndGlobalSection
	GlobalSection(SolutionProperties) = preSolution
		HideSolutionNode = FALSE
	EndGlobalSection
	GlobalSection(NestedProjects) = preSolution
		{D5D3C259-F524-4322-B027-FD30919D3B36} = {B8009D9C-D24D-4F39-8F1F-8EDBC214DFF3}
	EndGlobalSection
	GlobalSection(ExtensibilityGlobals) = postSolution
		SolutionGuid = {A475FBCD-F7A2-468D-9A3E-A4A092AEDEEC}
	EndGlobalSection
EndGlobal
